
Microsoft Visual Studio Solution File, Format Version 12.00
# Visual Studio 15
VisualStudioVersion = 15.0.27004.2006
MinimumVisualStudioVersion = 10.0.40219.1
Project("{159641D6-6404-4A2A-AE62-294DE0FE8301}") = "SSIS01", "SSIS01\SSIS01.dtproj", "{B1483693-9F08-4FBB-AA16-9B2A91EEB517}"
EndProject
Global
	GlobalSection(SolutionConfigurationPlatforms) = preSolution
		Development|Default = Development|Default
	EndGlobalSection
	GlobalSection(ProjectConfigurationPlatforms) = postSolution
		{B1483693-9F08-4FBB-AA16-9B2A91EEB517}.Development|Default.ActiveCfg = Development
		{B1483693-9F08-4FBB-AA16-9B2A91EEB517}.Development|Default.Build.0 = Development
	EndGlobalSection
	GlobalSection(SolutionProperties) = preSolution
		HideSolutionNode = FALSE
	EndGlobalSection
	GlobalSection(ExtensibilityGlobals) = postSolution
		SolutionGuid = {D7ADE939-9D4D-4F5E-BE7E-001474B4F8C7}
	EndGlobalSection
EndGlobal
