
Microsoft Visual Studio Solution File, Format Version 12.00
# Visual Studio 15
VisualStudioVersion = 15.0.27004.2006
MinimumVisualStudioVersion = 10.0.40219.1
Project("{159641D6-6404-4A2A-AE62-294DE0FE8301}") = "D365_SSIS01", "D365_SSIS01\D365_SSIS01.dtproj", "{83476A9F-4EA3-4D33-BF1E-E3621653A73D}"
EndProject
Global
	GlobalSection(SolutionConfigurationPlatforms) = preSolution
		Development|Default = Development|Default
	EndGlobalSection
	GlobalSection(ProjectConfigurationPlatforms) = postSolution
		{83476A9F-4EA3-4D33-BF1E-E3621653A73D}.Development|Default.ActiveCfg = Development
		{83476A9F-4EA3-4D33-BF1E-E3621653A73D}.Development|Default.Build.0 = Development
	EndGlobalSection
	GlobalSection(SolutionProperties) = preSolution
		HideSolutionNode = FALSE
	EndGlobalSection
	GlobalSection(ExtensibilityGlobals) = postSolution
		SolutionGuid = {0E192CEE-B21D-4D3B-BE48-A25E8891D778}
	EndGlobalSection
EndGlobal
